
Microsoft Visual Studio Solution File, Format Version 12.00
# Visual Studio Version 17
VisualStudioVersion = 17.3.32825.248
MinimumVisualStudioVersion = 10.0.40219.1
Project("{FAE04EC0-301F-11D3-BF4B-00C04F79EFBC}") = "24-2Taller3DSemana03Tarea02", "24-2Taller3DSemana03Tarea02.csproj", "{5314C6C6-A724-4118-9F51-B3D4CD266F53}"
EndProject
Global
	GlobalSection(SolutionConfigurationPlatforms) = preSolution
		Debug|Any CPU = Debug|Any CPU
		Release|Any CPU = Release|Any CPU
	EndGlobalSection
	GlobalSection(ProjectConfigurationPlatforms) = postSolution
		{5314C6C6-A724-4118-9F51-B3D4CD266F53}.Debug|Any CPU.ActiveCfg = Debug|Any CPU
		{5314C6C6-A724-4118-9F51-B3D4CD266F53}.Debug|Any CPU.Build.0 = Debug|Any CPU
		{5314C6C6-A724-4118-9F51-B3D4CD266F53}.Release|Any CPU.ActiveCfg = Release|Any CPU
		{5314C6C6-A724-4118-9F51-B3D4CD266F53}.Release|Any CPU.Build.0 = Release|Any CPU
	EndGlobalSection
	GlobalSection(SolutionProperties) = preSolution
		HideSolutionNode = FALSE
	EndGlobalSection
	GlobalSection(ExtensibilityGlobals) = postSolution
		SolutionGuid = {96706F31-246C-4E7C-A6E6-873404421AFB}
	EndGlobalSection
EndGlobal
